<?xml version="1.0" encoding="utf-8"?>
<Project ToolsVersion="4.0" xmlns="http://schemas.microsoft.com/developer/msbuild/2003">
  <ItemGroup>
    <Filter Include="Source Files">
      <UniqueIdentifier>{4FC737F1-C7A5-4376-A066-2A32D752A2FF}</UniqueIdentifier>
      <Extensions>cpp;c;cc;cxx;def;odl;idl;hpj;bat;asm;asmx</Extensions>
    </Filter>
    <Filter Include="Header Files">
      <UniqueIdentifier>{93995380-89BD-4b04-88EB-625FBE52EBFB}</UniqueIdentifier>
      <Extensions>h;hh;hpp;hxx;hm;inl;inc;ipp;xsd</Extensions>
    </Filter>
    <Filter Include="Resource Files">
      <UniqueIdentifier>{67DA6AB6-F800-4c08-8B7A-83BB121AAD01}</UniqueIdentifier>
      <Extensions>rc;ico;cur;bmp;dlg;rc2;rct;bin;rgs;gif;jpg;jpeg;jpe;resx;tiff;tif;png;wav;mfcribbon-ms</Extensions>
    </Filter>
    <Filter Include="Header Files\ECS">
      <UniqueIdentifier>{d56894a5-5ae0-4848-9a9b-2f29ba00b4ed}</UniqueIdentifier>
    </Filter>
    <Filter Include="Header Files\ErrorHandling">
      <UniqueIdentifier>{fa6971b0-7ba2-4d88-ac91-782e1246d8e1}</UniqueIdentifier>
    </Filter>
    <Filter Include="Header Files\CoreInput">
      <UniqueIdentifier>{3d99c3e2-d0c2-4960-89d8-f7e9c7f19694}</UniqueIdentifier>
    </Filter>
    <Filter Include="Header Files\Rendering">
      <UniqueIdentifier>{a099b430-8830-4cd2-8049-29cdf5a165b1}</UniqueIdentifier>
    </Filter>
    <Filter Include="Header Files\Engine">
      <UniqueIdentifier>{97dabdec-bf0c-4d2a-a63a-c20fd2ae8c00}</UniqueIdentifier>
    </Filter>
    <Filter Include="Source Files\ECS">
      <UniqueIdentifier>{b4b00ecb-2b4c-4ccf-b474-ecf4f4637bc0}</UniqueIdentifier>
    </Filter>
    <Filter Include="Source Files\Engine">
      <UniqueIdentifier>{ab04f879-05b8-45fc-8c20-5b5f80b4541f}</UniqueIdentifier>
    </Filter>
    <Filter Include="Source Files\CoreInput">
      <UniqueIdentifier>{d1bc2805-74a9-4f2d-b7c8-817888333233}</UniqueIdentifier>
    </Filter>
    <Filter Include="Source Files\Rendering">
      <UniqueIdentifier>{4115749b-830a-4722-ab40-4c2b87ecf98b}</UniqueIdentifier>
    </Filter>
    <Filter Include="Header Files\Utility">
      <UniqueIdentifier>{8c3cb67f-f040-43b7-988f-028d63a1131a}</UniqueIdentifier>
    </Filter>
    <Filter Include="Header Files\Utility\ForwardDeclarations">
      <UniqueIdentifier>{e4cf9f64-1246-4dbf-bd2e-00747fdad207}</UniqueIdentifier>
    </Filter>
    <Filter Include="Source Files\Components">
      <UniqueIdentifier>{88037edb-01bc-4605-b4bb-85f8e1b3d649}</UniqueIdentifier>
    </Filter>
    <Filter Include="Header Files\Components">
      <UniqueIdentifier>{dbf75fee-7668-4b96-a5a7-bcb1a823d5b8}</UniqueIdentifier>
    </Filter>
    <Filter Include="Header Files\Entities">
      <UniqueIdentifier>{f28c51aa-d92a-4527-a4ad-c7788648f773}</UniqueIdentifier>
    </Filter>
    <Filter Include="Source Files\Entities">
      <UniqueIdentifier>{bdf75ba7-a7f6-4b95-b43a-cf99da35cffb}</UniqueIdentifier>
    </Filter>
  </ItemGroup>
  <ItemGroup>
    <ClInclude Include="ECS\Component.h">
      <Filter>Header Files\ECS</Filter>
    </ClInclude>
    <ClInclude Include="ECS\Containers.h">
      <Filter>Header Files\ECS</Filter>
    </ClInclude>
    <ClInclude Include="ECS\ComponentManager.h">
      <Filter>Header Files\ECS</Filter>
    </ClInclude>
    <ClInclude Include="ECS\ECS.h">
      <Filter>Header Files\ECS</Filter>
    </ClInclude>
    <ClInclude Include="ECS\ECSTypes.h">
      <Filter>Header Files\ECS</Filter>
    </ClInclude>
    <ClInclude Include="ECS\Entity.h">
      <Filter>Header Files\ECS</Filter>
    </ClInclude>
    <ClInclude Include="ECS\EntityContainer.h">
      <Filter>Header Files\ECS</Filter>
    </ClInclude>
    <ClInclude Include="ECS\EntityManager.h">
      <Filter>Header Files\ECS</Filter>
    </ClInclude>
    <ClInclude Include="ECS\Handle.h">
      <Filter>Header Files\ECS</Filter>
    </ClInclude>
    <ClInclude Include="ECS\IComponent.h">
      <Filter>Header Files\ECS</Filter>
    </ClInclude>
    <ClInclude Include="ECS\ISystem.h">
      <Filter>Header Files\ECS</Filter>
    </ClInclude>
    <ClInclude Include="ECS\IEntity.h">
      <Filter>Header Files\ECS</Filter>
    </ClInclude>
    <ClInclude Include="ECS\SystemManager.h">
      <Filter>Header Files\ECS</Filter>
    </ClInclude>
    <ClInclude Include="ECS\Util.h">
      <Filter>Header Files\ECS</Filter>
    </ClInclude>
    <ClInclude Include="ErrorHandling\ErrorTypes.h">
      <Filter>Header Files\ErrorHandling</Filter>
    </ClInclude>
    <ClInclude Include="CoreInput\CoreInput.h">
      <Filter>Header Files\CoreInput</Filter>
    </ClInclude>
    <ClInclude Include="Rendering\RenderingSystem.h">
      <Filter>Header Files\Rendering</Filter>
    </ClInclude>
    <ClInclude Include="Engine\GEngine.h">
      <Filter>Header Files\Engine</Filter>
    </ClInclude>
    <ClInclude Include="Engine\XTime.h">
      <Filter>Header Files\Engine</Filter>
    </ClInclude>
    <ClInclude Include="Utility\ForwardDeclarations\D3DNativeTypes.h">
      <Filter>Header Files\Utility\ForwardDeclarations</Filter>
    </ClInclude>
    <ClInclude Include="Utility\ForwardDeclarations\WinProcTypes.h">
      <Filter>Header Files\Utility\ForwardDeclarations</Filter>
    </ClInclude>
    <ClInclude Include="Components\IController.h">
      <Filter>Header Files\Components</Filter>
    </ClInclude>
    <ClInclude Include="Components\PlayerMovement.h">
      <Filter>Header Files\Components</Filter>
    </ClInclude>
    <ClInclude Include="Entities\TestEntities.h">
      <Filter>Header Files\Entities</Filter>
    </ClInclude>
    <ClInclude Include="ECS\HandleManager.h">
      <Filter>Header Files\ECS</Filter>
    </ClInclude>
    <ClInclude Include="Components\TestComponents.h">
      <Filter>Header Files\Components</Filter>
    </ClInclude>
    <ClInclude Include="Audio\AudioManager.h">
      <Filter>Header Files</Filter>
    </ClInclude>
    <ClInclude Include="Audio\cAudioComponent.h">
      <Filter>Header Files</Filter>
    </ClInclude>
    <ClInclude Include="Audio\cMusicComponent.h">
      <Filter>Header Files</Filter>
    </ClInclude>
    <ClInclude Include="Audio\cSFXComponent.h">
      <Filter>Header Files</Filter>
    </ClInclude>
  </ItemGroup>
  <ItemGroup>
    <ClCompile Include="main.cpp">
      <Filter>Source Files</Filter>
    </ClCompile>
    <ClCompile Include="ECS\ComponentManager.cpp">
      <Filter>Source Files\ECS</Filter>
    </ClCompile>
    <ClCompile Include="ECS\IComponent.cpp">
      <Filter>Source Files\ECS</Filter>
    </ClCompile>
    <ClCompile Include="ECS\ISystem.cpp">
      <Filter>Source Files\ECS</Filter>
    </ClCompile>
    <ClCompile Include="ECS\SystemManager.cpp">
      <Filter>Source Files\ECS</Filter>
    </ClCompile>
    <ClCompile Include="ECS\IEntity.cpp">
      <Filter>Source Files\ECS</Filter>
    </ClCompile>
    <ClCompile Include="Engine\GEngine.cpp">
      <Filter>Source Files\Engine</Filter>
    </ClCompile>
    <ClCompile Include="CoreInput\CoreInput.cpp">
      <Filter>Source Files\CoreInput</Filter>
    </ClCompile>
    <ClCompile Include="Rendering\RenderingSystem.cpp">
      <Filter>Source Files\Rendering</Filter>
    </ClCompile>
    <ClCompile Include="Engine\XTime.cpp">
      <Filter>Source Files\Engine</Filter>
    </ClCompile>
    <ClCompile Include="Components\PlayerMovement.cpp">
      <Filter>Source Files\Components</Filter>
    </ClCompile>
    <ClCompile Include="Components\IController.cpp">
      <Filter>Source Files\Components</Filter>
    </ClCompile>
    <ClCompile Include="Entities\TestEntities.cpp">
      <Filter>Source Files\Entities</Filter>
    </ClCompile>
    <ClCompile Include="ECS\EntityManager.cpp">
      <Filter>Source Files\ECS</Filter>
    </ClCompile>
    <ClCompile Include="ECS\TestsMain.cpp">
      <Filter>Source Files</Filter>
    </ClCompile>
    <ClCompile Include="Audio\AudioManager.cpp">
      <Filter>Source Files</Filter>
    </ClCompile>
    <ClCompile Include="Audio\cAudioComponent.cpp">
      <Filter>Source Files</Filter>
    </ClCompile>
    <ClCompile Include="Audio\cSFXComponent.cpp">
      <Filter>Source Files</Filter>
    </ClCompile>
    <ClCompile Include="Audio\cMusicComponent.cpp">
      <Filter>Source Files</Filter>
    </ClCompile>
  </ItemGroup>
</Project>